
Microsoft Visual Studio Solution File, Format Version 12.00
# Visual Studio Version 16
VisualStudioVersion = 16.0.30114.105
MinimumVisualStudioVersion = 10.0.40219.1
Project("{FAE04EC0-301F-11D3-BF4B-00C04F79EFBC}") = "backend", "backend\backend.csproj", "{AFD5BF8B-5674-474B-9CF6-A3D8977B48BA}"
EndProject
Project("{FAE04EC0-301F-11D3-BF4B-00C04F79EFBC}") = "Core", "Core\Core.csproj", "{CCA11F0C-683B-4758-9151-0FA3A2AF6DCB}"
EndProject
Project("{FAE04EC0-301F-11D3-BF4B-00C04F79EFBC}") = "Infrastructure", "Infrastructure\Infrastructure.csproj", "{63DD1586-306B-40C8-B9D3-EC5705F9111E}"
EndProject
Global
	GlobalSection(SolutionConfigurationPlatforms) = preSolution
		Debug|Any CPU = Debug|Any CPU
		Debug|x64 = Debug|x64
		Debug|x86 = Debug|x86
		Release|Any CPU = Release|Any CPU
		Release|x64 = Release|x64
		Release|x86 = Release|x86
	EndGlobalSection
	GlobalSection(SolutionProperties) = preSolution
		HideSolutionNode = FALSE
	EndGlobalSection
	GlobalSection(ProjectConfigurationPlatforms) = postSolution
		{AFD5BF8B-5674-474B-9CF6-A3D8977B48BA}.Debug|Any CPU.ActiveCfg = Debug|Any CPU
		{AFD5BF8B-5674-474B-9CF6-A3D8977B48BA}.Debug|Any CPU.Build.0 = Debug|Any CPU
		{AFD5BF8B-5674-474B-9CF6-A3D8977B48BA}.Debug|x64.ActiveCfg = Debug|Any CPU
		{AFD5BF8B-5674-474B-9CF6-A3D8977B48BA}.Debug|x64.Build.0 = Debug|Any CPU
		{AFD5BF8B-5674-474B-9CF6-A3D8977B48BA}.Debug|x86.ActiveCfg = Debug|Any CPU
		{AFD5BF8B-5674-474B-9CF6-A3D8977B48BA}.Debug|x86.Build.0 = Debug|Any CPU
		{AFD5BF8B-5674-474B-9CF6-A3D8977B48BA}.Release|Any CPU.ActiveCfg = Release|Any CPU
		{AFD5BF8B-5674-474B-9CF6-A3D8977B48BA}.Release|Any CPU.Build.0 = Release|Any CPU
		{AFD5BF8B-5674-474B-9CF6-A3D8977B48BA}.Release|x64.ActiveCfg = Release|Any CPU
		{AFD5BF8B-5674-474B-9CF6-A3D8977B48BA}.Release|x64.Build.0 = Release|Any CPU
		{AFD5BF8B-5674-474B-9CF6-A3D8977B48BA}.Release|x86.ActiveCfg = Release|Any CPU
		{AFD5BF8B-5674-474B-9CF6-A3D8977B48BA}.Release|x86.Build.0 = Release|Any CPU
		{CCA11F0C-683B-4758-9151-0FA3A2AF6DCB}.Debug|Any CPU.ActiveCfg = Debug|Any CPU
		{CCA11F0C-683B-4758-9151-0FA3A2AF6DCB}.Debug|Any CPU.Build.0 = Debug|Any CPU
		{CCA11F0C-683B-4758-9151-0FA3A2AF6DCB}.Debug|x64.ActiveCfg = Debug|Any CPU
		{CCA11F0C-683B-4758-9151-0FA3A2AF6DCB}.Debug|x64.Build.0 = Debug|Any CPU
		{CCA11F0C-683B-4758-9151-0FA3A2AF6DCB}.Debug|x86.ActiveCfg = Debug|Any CPU
		{CCA11F0C-683B-4758-9151-0FA3A2AF6DCB}.Debug|x86.Build.0 = Debug|Any CPU
		{CCA11F0C-683B-4758-9151-0FA3A2AF6DCB}.Release|Any CPU.ActiveCfg = Release|Any CPU
		{CCA11F0C-683B-4758-9151-0FA3A2AF6DCB}.Release|Any CPU.Build.0 = Release|Any CPU
		{CCA11F0C-683B-4758-9151-0FA3A2AF6DCB}.Release|x64.ActiveCfg = Release|Any CPU
		{CCA11F0C-683B-4758-9151-0FA3A2AF6DCB}.Release|x64.Build.0 = Release|Any CPU
		{CCA11F0C-683B-4758-9151-0FA3A2AF6DCB}.Release|x86.ActiveCfg = Release|Any CPU
		{CCA11F0C-683B-4758-9151-0FA3A2AF6DCB}.Release|x86.Build.0 = Release|Any CPU
		{63DD1586-306B-40C8-B9D3-EC5705F9111E}.Debug|Any CPU.ActiveCfg = Debug|Any CPU
		{63DD1586-306B-40C8-B9D3-EC5705F9111E}.Debug|Any CPU.Build.0 = Debug|Any CPU
		{63DD1586-306B-40C8-B9D3-EC5705F9111E}.Debug|x64.ActiveCfg = Debug|Any CPU
		{63DD1586-306B-40C8-B9D3-EC5705F9111E}.Debug|x64.Build.0 = Debug|Any CPU
		{63DD1586-306B-40C8-B9D3-EC5705F9111E}.Debug|x86.ActiveCfg = Debug|Any CPU
		{63DD1586-306B-40C8-B9D3-EC5705F9111E}.Debug|x86.Build.0 = Debug|Any CPU
		{63DD1586-306B-40C8-B9D3-EC5705F9111E}.Release|Any CPU.ActiveCfg = Release|Any CPU
		{63DD1586-306B-40C8-B9D3-EC5705F9111E}.Release|Any CPU.Build.0 = Release|Any CPU
		{63DD1586-306B-40C8-B9D3-EC5705F9111E}.Release|x64.ActiveCfg = Release|Any CPU
		{63DD1586-306B-40C8-B9D3-EC5705F9111E}.Release|x64.Build.0 = Release|Any CPU
		{63DD1586-306B-40C8-B9D3-EC5705F9111E}.Release|x86.ActiveCfg = Release|Any CPU
		{63DD1586-306B-40C8-B9D3-EC5705F9111E}.Release|x86.Build.0 = Release|Any CPU
	EndGlobalSection
EndGlobal
